
Microsoft Visual Studio Solution File, Format Version 12.00
# Visual Studio 15
VisualStudioVersion = 15.0.28307.1000
MinimumVisualStudioVersion = 10.0.40219.1
Project("{FAE04EC0-301F-11D3-BF4B-00C04F79EFBC}") = "Walidator", "Walidator\Walidator.csproj", "{56B00AF6-5F9F-4086-B972-5D25383899D0}"
EndProject
Global
	GlobalSection(SolutionConfigurationPlatforms) = preSolution
		Debug|Any CPU = Debug|Any CPU
		Release|Any CPU = Release|Any CPU
	EndGlobalSection
	GlobalSection(ProjectConfigurationPlatforms) = postSolution
		{56B00AF6-5F9F-4086-B972-5D25383899D0}.Debug|Any CPU.ActiveCfg = Debug|Any CPU
		{56B00AF6-5F9F-4086-B972-5D25383899D0}.Debug|Any CPU.Build.0 = Debug|Any CPU
		{56B00AF6-5F9F-4086-B972-5D25383899D0}.Release|Any CPU.ActiveCfg = Release|Any CPU
		{56B00AF6-5F9F-4086-B972-5D25383899D0}.Release|Any CPU.Build.0 = Release|Any CPU
	EndGlobalSection
	GlobalSection(SolutionProperties) = preSolution
		HideSolutionNode = FALSE
	EndGlobalSection
	GlobalSection(ExtensibilityGlobals) = postSolution
		SolutionGuid = {D64D22DD-86D8-489B-8C41-62E48EAD595F}
	EndGlobalSection
EndGlobal
